PODS:
  - Introspect (0.1.4)
  - KMPNativeCoroutinesAsync (0.12.6):
    - KMPNativeCoroutinesCore (= 0.12.6)
  - KMPNativeCoroutinesCore (0.12.6)
  - shared (1.0)
  - SwiftUIRefresh (0.0.3):
    - Introspect (~> 0.1.0)

DEPENDENCIES:
  - KMPNativeCoroutinesAsync (= 0.12.6)
  - shared (from `../shared`)
  - SwiftUIRefresh

SPEC REPOS:
  trunk:
    - Introspect
    - KMPNativeCoroutinesAsync
    - KMPNativeCoroutinesCore
    - SwiftUIRefresh

EXTERNAL SOURCES:
  shared:
    :path: "../shared"

SPEC CHECKSUMS:
  Introspect: b62c4dd2063072327c21d618ef2bedc3c87bc366
  KMPNativeCoroutinesAsync: 19f3f80e24c34a041719473719f0a04ce188263e
  KMPNativeCoroutinesCore: 35da0312355f0e911cbb16923aea3389894affca
  shared: 6e7fb1b8ccfde89bf8eee65def9c4718eb4ee19d
  SwiftUIRefresh: ca6ae2718d25aad5dd68bbf5d2ae36ef6ade98bf

PODFILE CHECKSUM: 87c7749104b95ff9fe7f45eb063a7905f9d2ac12

COCOAPODS: 1.11.3
